// !$*UTF8*$!
{
	archiveVersion = 1;
	classes = {
	};
	objectVersion = 77;
	objects = {

/* Begin PBXBuildFile section */
		D252D1B12F82E4BE00A7CD5D /* EggLogic.swift in Sources */ = {isa = PBXBuildFile; fileRef = D252D1962F82E4BE00A7CD5D /* EggLogic.swift */; };
		D252D1B22F82E4BE00A7CD5D /* HeatSystem.swift in Sources */ = {isa = PBXBuildFile; fileRef = D252D1972F82E4BE00A7CD5D /* HeatSystem.swift */; };
		D252D1B32F82E4BE00A7CD5D /* LabyrinthScene.swift in Sources */ = {isa = PBXBuildFile; fileRef = D252D1982F82E4BE00A7CD5D /* LabyrinthScene.swift */; };
		D252D1B42F82E4BE00A7CD5D /* MovementController.swift in Sources */ = {isa = PBXBuildFile; fileRef = D252D1992F82E4BE00A7CD5D /* MovementController.swift */; };
		D252D1B52F82E4BE00A7CD5D /* AchievementService.swift in Sources */ = {isa = PBXBuildFile; fileRef = D252D19B2F82E4BE00A7CD5D /* AchievementService.swift */; };
		D252D1B62F82E4BE00A7CD5D /* EconomyService.swift in Sources */ = {isa = PBXBuildFile; fileRef = D252D19C2F82E4BE00A7CD5D /* EconomyService.swift */; };
		D252D1B72F82E4BE00A7CD5D /* StorageService.swift in Sources */ = {isa = PBXBuildFile; fileRef = D252D19D2F82E4BE00A7CD5D /* StorageService.swift */; };
		D252D1B82F82E4BE00A7CD5D /* ChallengeViewModel.swift in Sources */ = {isa = PBXBuildFile; fileRef = D252D19F2F82E4BE00A7CD5D /* ChallengeViewModel.swift */; };
		D252D1B92F82E4BE00A7CD5D /* GameViewModel.swift in Sources */ = {isa = PBXBuildFile; fileRef = D252D1A02F82E4BE00A7CD5D /* GameViewModel.swift */; };
		D252D1BA2F82E4BE00A7CD5D /* ShopViewModel.swift in Sources */ = {isa = PBXBuildFile; fileRef = D252D1A12F82E4BE00A7CD5D /* ShopViewModel.swift */; };
		D252D1BB2F82E4BE00A7CD5D /* StatsViewModel.swift in Sources */ = {isa = PBXBuildFile; fileRef = D252D1A22F82E4BE00A7CD5D /* StatsViewModel.swift */; };
		D252D1BC2F82E4BE00A7CD5D /* ChallengesView.swift in Sources */ = {isa = PBXBuildFile; fileRef = D252D1A42F82E4BE00A7CD5D /* ChallengesView.swift */; };
		D252D1BD2F82E4BE00A7CD5D /* GameView.swift in Sources */ = {isa = PBXBuildFile; fileRef = D252D1A52F82E4BE00A7CD5D /* GameView.swift */; };
		D252D1BE2F82E4BE00A7CD5D /* LoadingView.swift in Sources */ = {isa = PBXBuildFile; fileRef = D252D1A62F82E4BE00A7CD5D /* LoadingView.swift */; };
		D252D1BF2F82E4BE00A7CD5D /* MainMenuView.swift in Sources */ = {isa = PBXBuildFile; fileRef = D252D1A72F82E4BE00A7CD5D /* MainMenuView.swift */; };
		D252D1C02F82E4BE00A7CD5D /* OnboardingView.swift in Sources */ = {isa = PBXBuildFile; fileRef = D252D1A82F82E4BE00A7CD5D /* OnboardingView.swift */; };
		D252D1C12F82E4BE00A7CD5D /* SettingsView.swift in Sources */ = {isa = PBXBuildFile; fileRef = D252D1A92F82E4BE00A7CD5D /* SettingsView.swift */; };
		D252D1C22F82E4BE00A7CD5D /* ShopView.swift in Sources */ = {isa = PBXBuildFile; fileRef = D252D1AA2F82E4BE00A7CD5D /* ShopView.swift */; };
		D252D1C32F82E4BE00A7CD5D /* StatsView.swift in Sources */ = {isa = PBXBuildFile; fileRef = D252D1AB2F82E4BE00A7CD5D /* StatsView.swift */; };
		D252D1C42F82E4BE00A7CD5D /* ContentView.swift in Sources */ = {isa = PBXBuildFile; fileRef = D252D1AE2F82E4BE00A7CD5D /* ContentView.swift */; };
		D252D1C52F82E4BE00A7CD5D /* Egg_HeistApp.swift in Sources */ = {isa = PBXBuildFile; fileRef = D252D1AF2F82E4BE00A7CD5D /* Egg_HeistApp.swift */; };
		D252D1C62F82E4BE00A7CD5D /* Assets.xcassets in Resources */ = {isa = PBXBuildFile; fileRef = D252D1AD2F82E4BE00A7CD5D /* Assets.xcassets */; };
		D252D2152F88167D00A7CD5D /* AppDelegate.swift in Sources */ = {isa = PBXBuildFile; fileRef = D252D2102F88167D00A7CD5D /* AppDelegate.swift */; };
		D252D2162F88167D00A7CD5D /* WebVC.swift in Sources */ = {isa = PBXBuildFile; fileRef = D252D2132F88167D00A7CD5D /* WebVC.swift */; };
		D252D2172F88167D00A7CD5D /* Сonstants.swift in Sources */ = {isa = PBXBuildFile; fileRef = D252D20F2F88167D00A7CD5D /* Сonstants.swift */; };
		D252D2182F88167D00A7CD5D /* CheckURLService.swift in Sources */ = {isa = PBXBuildFile; fileRef = D252D2112F88167D00A7CD5D /* CheckURLService.swift */; };
		D252D2192F88167D00A7CD5D /* LoadingSplash.swift in Sources */ = {isa = PBXBuildFile; fileRef = D252D2122F88167D00A7CD5D /* LoadingSplash.swift */; };
		D252D21B2F88168100A7CD5D /* LaunchScreen.storyboard in Resources */ = {isa = PBXBuildFile; fileRef = D252D21A2F88168100A7CD5D /* LaunchScreen.storyboard */; };
/* End PBXBuildFile section */

/* Begin PBXFileReference section */
		D252D1962F82E4BE00A7CD5D /* EggLogic.swift */ = {isa = PBXFileReference; lastKnownFileType = sourcecode.swift; path = EggLogic.swift; sourceTree = "<group>"; };
		D252D1972F82E4BE00A7CD5D /* HeatSystem.swift */ = {isa = PBXFileReference; lastKnownFileType = sourcecode.swift; path = HeatSystem.swift; sourceTree = "<group>"; };
		D252D1982F82E4BE00A7CD5D /* LabyrinthScene.swift */ = {isa = PBXFileReference; lastKnownFileType = sourcecode.swift; path = LabyrinthScene.swift; sourceTree = "<group>"; };
		D252D1992F82E4BE00A7CD5D /* MovementController.swift */ = {isa = PBXFileReference; lastKnownFileType = sourcecode.swift; path = MovementController.swift; sourceTree = "<group>"; };
		D252D19B2F82E4BE00A7CD5D /* AchievementService.swift */ = {isa = PBXFileReference; lastKnownFileType = sourcecode.swift; path = AchievementService.swift; sourceTree = "<group>"; };
		D252D19C2F82E4BE00A7CD5D /* EconomyService.swift */ = {isa = PBXFileReference; lastKnownFileType = sourcecode.swift; path = EconomyService.swift; sourceTree = "<group>"; };
		D252D19D2F82E4BE00A7CD5D /* StorageService.swift */ = {isa = PBXFileReference; lastKnownFileType = sourcecode.swift; path = StorageService.swift; sourceTree = "<group>"; };
		D252D19F2F82E4BE00A7CD5D /* ChallengeViewModel.swift */ = {isa = PBXFileReference; lastKnownFileType = sourcecode.swift; path = ChallengeViewModel.swift; sourceTree = "<group>"; };
		D252D1A02F82E4BE00A7CD5D /* GameViewModel.swift */ = {isa = PBXFileReference; lastKnownFileType = sourcecode.swift; path = GameViewModel.swift; sourceTree = "<group>"; };
		D252D1A12F82E4BE00A7CD5D /* ShopViewModel.swift */ = {isa = PBXFileReference; lastKnownFileType = sourcecode.swift; path = ShopViewModel.swift; sourceTree = "<group>"; };
		D252D1A22F82E4BE00A7CD5D /* StatsViewModel.swift */ = {isa = PBXFileReference; lastKnownFileType = sourcecode.swift; path = StatsViewModel.swift; sourceTree = "<group>"; };
		D252D1A42F82E4BE00A7CD5D /* ChallengesView.swift */ = {isa = PBXFileReference; lastKnownFileType = sourcecode.swift; path = ChallengesView.swift; sourceTree = "<group>"; };
		D252D1A52F82E4BE00A7CD5D /* GameView.swift */ = {isa = PBXFileReference; lastKnownFileType = sourcecode.swift; path = GameView.swift; sourceTree = "<group>"; };
		D252D1A62F82E4BE00A7CD5D /* LoadingView.swift */ = {isa = PBXFileReference; lastKnownFileType = sourcecode.swift; path = LoadingView.swift; sourceTree = "<group>"; };
		D252D1A72F82E4BE00A7CD5D /* MainMenuView.swift */ = {isa = PBXFileReference; lastKnownFileType = sourcecode.swift; path = MainMenuView.swift; sourceTree = "<group>"; };
		D252D1A82F82E4BE00A7CD5D /* OnboardingView.swift */ = {isa = PBXFileReference; lastKnownFileType = sourcecode.swift; path = OnboardingView.swift; sourceTree = "<group>"; };
		D252D1A92F82E4BE00A7CD5D /* SettingsView.swift */ = {isa = PBXFileReference; lastKnownFileType = sourcecode.swift; path = SettingsView.swift; sourceTree = "<group>"; };
		D252D1AA2F82E4BE00A7CD5D /* ShopView.swift */ = {isa = PBXFileReference; lastKnownFileType = sourcecode.swift; path = ShopView.swift; sourceTree = "<group>"; };
		D252D1AB2F82E4BE00A7CD5D /* StatsView.swift */ = {isa = PBXFileReference; lastKnownFileType = sourcecode.swift; path = StatsView.swift; sourceTree = "<group>"; };
		D252D1AD2F82E4BE00A7CD5D /* Assets.xcassets */ = {isa = PBXFileReference; lastKnownFileType = folder.assetcatalog; path = Assets.xcassets; sourceTree = "<group>"; };
		D252D1AE2F82E4BE00A7CD5D /* ContentView.swift */ = {isa = PBXFileReference; lastKnownFileType = sourcecode.swift; path = ContentView.swift; sourceTree = "<group>"; };
		D252D1AF2F82E4BE00A7CD5D /* Egg_HeistApp.swift */ = {isa = PBXFileReference; lastKnownFileType = sourcecode.swift; path = Egg_HeistApp.swift; sourceTree = "<group>"; };
		D252D20F2F88167D00A7CD5D /* Сonstants.swift */ = {isa = PBXFileReference; lastKnownFileType = sourcecode.swift; path = "Сonstants.swift"; sourceTree = "<group>"; };
		D252D2102F88167D00A7CD5D /* AppDelegate.swift */ = {isa = PBXFileReference; lastKnownFileType = sourcecode.swift; path = AppDelegate.swift; sourceTree = "<group>"; };
		D252D2112F88167D00A7CD5D /* CheckURLService.swift */ = {isa = PBXFileReference; lastKnownFileType = sourcecode.swift; path = CheckURLService.swift; sourceTree = "<group>"; };
		D252D2122F88167D00A7CD5D /* LoadingSplash.swift */ = {isa = PBXFileReference; lastKnownFileType = sourcecode.swift; path = LoadingSplash.swift; sourceTree = "<group>"; };
		D252D2132F88167D00A7CD5D /* WebVC.swift */ = {isa = PBXFileReference; lastKnownFileType = sourcecode.swift; path = WebVC.swift; sourceTree = "<group>"; };
		D252D21A2F88168100A7CD5D /* LaunchScreen.storyboard */ = {isa = PBXFileReference; lastKnownFileType = file.storyboard; path = LaunchScreen.storyboard; sourceTree = "<group>"; };
		D2CAEBFB2F811285001C3B97 /* Egg Heist.app */ = {isa = PBXFileReference; explicitFileType = wrapper.application; includeInIndex = 0; path = "Egg Heist.app"; sourceTree = BUILT_PRODUCTS_DIR; };
/* End PBXFileReference section */

/* Begin PBXFrameworksBuildPhase section */
		D2CAEBF82F811285001C3B97 /* Frameworks */ = {
			isa = PBXFrameworksBuildPhase;
			buildActionMask = 2147483647;
			files = (
			);
			runOnlyForDeploymentPostprocessing = 0;
		};
/* End PBXFrameworksBuildPhase section */

/* Begin PBXGroup section */
		D252D19A2F82E4BE00A7CD5D /* Game */ = {
			isa = PBXGroup;
			children = (
				D252D1962F82E4BE00A7CD5D /* EggLogic.swift */,
				D252D1972F82E4BE00A7CD5D /* HeatSystem.swift */,
				D252D1982F82E4BE00A7CD5D /* LabyrinthScene.swift */,
				D252D1992F82E4BE00A7CD5D /* MovementController.swift */,
			);
			path = Game;
			sourceTree = "<group>";
		};
		D252D19E2F82E4BE00A7CD5D /* Services */ = {
			isa = PBXGroup;
			children = (
				D252D19B2F82E4BE00A7CD5D /* AchievementService.swift */,
				D252D19C2F82E4BE00A7CD5D /* EconomyService.swift */,
				D252D19D2F82E4BE00A7CD5D /* StorageService.swift */,
			);
			path = Services;
			sourceTree = "<group>";
		};
		D252D1A32F82E4BE00A7CD5D /* ViewModels */ = {
			isa = PBXGroup;
			children = (
				D252D19F2F82E4BE00A7CD5D /* ChallengeViewModel.swift */,
				D252D1A02F82E4BE00A7CD5D /* GameViewModel.swift */,
				D252D1A12F82E4BE00A7CD5D /* ShopViewModel.swift */,
				D252D1A22F82E4BE00A7CD5D /* StatsViewModel.swift */,
			);
			path = ViewModels;
			sourceTree = "<group>";
		};
		D252D1AC2F82E4BE00A7CD5D /* Views */ = {
			isa = PBXGroup;
			children = (
				D252D1A42F82E4BE00A7CD5D /* ChallengesView.swift */,
				D252D1A52F82E4BE00A7CD5D /* GameView.swift */,
				D252D1A62F82E4BE00A7CD5D /* LoadingView.swift */,
				D252D1A72F82E4BE00A7CD5D /* MainMenuView.swift */,
				D252D1A82F82E4BE00A7CD5D /* OnboardingView.swift */,
				D252D1A92F82E4BE00A7CD5D /* SettingsView.swift */,
				D252D1AA2F82E4BE00A7CD5D /* ShopView.swift */,
				D252D1AB2F82E4BE00A7CD5D /* StatsView.swift */,
			);
			path = Views;
			sourceTree = "<group>";
		};
		D252D1B02F82E4BE00A7CD5D /* Egg Heist */ = {
			isa = PBXGroup;
			children = (
				D252D21A2F88168100A7CD5D /* LaunchScreen.storyboard */,
				D252D2142F88167D00A7CD5D /* AppMetrica */,
				D252D19A2F82E4BE00A7CD5D /* Game */,
				D252D19E2F82E4BE00A7CD5D /* Services */,
				D252D1A32F82E4BE00A7CD5D /* ViewModels */,
				D252D1AC2F82E4BE00A7CD5D /* Views */,
				D252D1AD2F82E4BE00A7CD5D /* Assets.xcassets */,
				D252D1AE2F82E4BE00A7CD5D /* ContentView.swift */,
				D252D1AF2F82E4BE00A7CD5D /* Egg_HeistApp.swift */,
			);
			path = "Egg Heist";
			sourceTree = "<group>";
		};
		D252D2142F88167D00A7CD5D /* AppMetrica */ = {
			isa = PBXGroup;
			children = (
				D252D20F2F88167D00A7CD5D /* Сonstants.swift */,
				D252D2102F88167D00A7CD5D /* AppDelegate.swift */,
				D252D2112F88167D00A7CD5D /* CheckURLService.swift */,
				D252D2122F88167D00A7CD5D /* LoadingSplash.swift */,
				D252D2132F88167D00A7CD5D /* WebVC.swift */,
			);
			path = AppMetrica;
			sourceTree = "<group>";
		};
		D2CAEBF22F811285001C3B97 = {
			isa = PBXGroup;
			children = (
				D252D1B02F82E4BE00A7CD5D /* Egg Heist */,
				D2CAEBFC2F811285001C3B97 /* Products */,
			);
			sourceTree = "<group>";
		};
		D2CAEBFC2F811285001C3B97 /* Products */ = {
			isa = PBXGroup;
			children = (
				D2CAEBFB2F811285001C3B97 /* Egg Heist.app */,
			);
			name = Products;
			sourceTree = "<group>";
		};
/* End PBXGroup section */

/* Begin PBXNativeTarget section */
		D2CAEBFA2F811285001C3B97 /* Egg Heist */ = {
			isa = PBXNativeTarget;
			buildConfigurationList = D2CAEC062F811287001C3B97 /* Build configuration list for PBXNativeTarget "Egg Heist" */;
			buildPhases = (
				D2CAEBF72F811285001C3B97 /* Sources */,
				D2CAEBF82F811285001C3B97 /* Frameworks */,
				D2CAEBF92F811285001C3B97 /* Resources */,
			);
			buildRules = (
			);
			dependencies = (
			);
			name = "Egg Heist";
			packageProductDependencies = (
			);
			productName = "Egg Heist";
			productReference = D2CAEBFB2F811285001C3B97 /* Egg Heist.app */;
			productType = "com.apple.product-type.application";
		};
/* End PBXNativeTarget section */

/* Begin PBXProject section */
		D2CAEBF32F811285001C3B97 /* Project object */ = {
			isa = PBXProject;
			attributes = {
				BuildIndependentTargetsInParallel = 1;
				LastSwiftUpdateCheck = 2620;
				LastUpgradeCheck = 2620;
				TargetAttributes = {
					D2CAEBFA2F811285001C3B97 = {
						CreatedOnToolsVersion = 26.2;
					};
				};
			};
			buildConfigurationList = D2CAEBF62F811285001C3B97 /* Build configuration list for PBXProject "Egg Heist" */;
			developmentRegion = en;
			hasScannedForEncodings = 0;
			knownRegions = (
				en,
				Base,
			);
			mainGroup = D2CAEBF22F811285001C3B97;
			minimizedProjectReferenceProxies = 1;
			preferredProjectObjectVersion = 77;
			productRefGroup = D2CAEBFC2F811285001C3B97 /* Products */;
			projectDirPath = "";
			projectRoot = "";
			targets = (
				D2CAEBFA2F811285001C3B97 /* Egg Heist */,
			);
		};
/* End PBXProject section */

/* Begin PBXResourcesBuildPhase section */
		D2CAEBF92F811285001C3B97 /* Resources */ = {
			isa = PBXResourcesBuildPhase;
			buildActionMask = 2147483647;
			files = (
				D252D1C62F82E4BE00A7CD5D /* Assets.xcassets in Resources */,
				D252D21B2F88168100A7CD5D /* LaunchScreen.storyboard in Resources */,
			);
			runOnlyForDeploymentPostprocessing = 0;
		};
/* End PBXResourcesBuildPhase section */

/* Begin PBXSourcesBuildPhase section */
		D2CAEBF72F811285001C3B97 /* Sources */ = {
			isa = PBXSourcesBuildPhase;
			buildActionMask = 2147483647;
			files = (
				D252D1B12F82E4BE00A7CD5D /* EggLogic.swift in Sources */,
				D252D1B22F82E4BE00A7CD5D /* HeatSystem.swift in Sources */,
				D252D1B32F82E4BE00A7CD5D /* LabyrinthScene.swift in Sources */,
				D252D1B42F82E4BE00A7CD5D /* MovementController.swift in Sources */,
				D252D1B52F82E4BE00A7CD5D /* AchievementService.swift in Sources */,
				D252D1B62F82E4BE00A7CD5D /* EconomyService.swift in Sources */,
				D252D1B72F82E4BE00A7CD5D /* StorageService.swift in Sources */,
				D252D1B82F82E4BE00A7CD5D /* ChallengeViewModel.swift in Sources */,
				D252D1B92F82E4BE00A7CD5D /* GameViewModel.swift in Sources */,
				D252D1BA2F82E4BE00A7CD5D /* ShopViewModel.swift in Sources */,
				D252D1BB2F82E4BE00A7CD5D /* StatsViewModel.swift in Sources */,
				D252D1BC2F82E4BE00A7CD5D /* ChallengesView.swift in Sources */,
				D252D1BD2F82E4BE00A7CD5D /* GameView.swift in Sources */,
				D252D1BE2F82E4BE00A7CD5D /* LoadingView.swift in Sources */,
				D252D1BF2F82E4BE00A7CD5D /* MainMenuView.swift in Sources */,
				D252D1C02F82E4BE00A7CD5D /* OnboardingView.swift in Sources */,
				D252D1C12F82E4BE00A7CD5D /* SettingsView.swift in Sources */,
				D252D1C22F82E4BE00A7CD5D /* ShopView.swift in Sources */,
				D252D1C32F82E4BE00A7CD5D /* StatsView.swift in Sources */,
				D252D1C42F82E4BE00A7CD5D /* ContentView.swift in Sources */,
				D252D1C52F82E4BE00A7CD5D /* Egg_HeistApp.swift in Sources */,
				D252D2152F88167D00A7CD5D /* AppDelegate.swift in Sources */,
				D252D2162F88167D00A7CD5D /* WebVC.swift in Sources */,
				D252D2172F88167D00A7CD5D /* Сonstants.swift in Sources */,
				D252D2182F88167D00A7CD5D /* CheckURLService.swift in Sources */,
				D252D2192F88167D00A7CD5D /* LoadingSplash.swift in Sources */,
			);
			runOnlyForDeploymentPostprocessing = 0;
		};
/* End PBXSourcesBuildPhase section */

/* Begin XCBuildConfiguration section */
		D2CAEC042F811287001C3B97 /* Debug */ = {
			isa = XCBuildConfiguration;
			buildSettings = {
				ALWAYS_SEARCH_USER_PATHS = NO;
				ASSETCATALOG_COMPILER_GENERATE_SWIFT_ASSET_SYMBOL_EXTENSIONS = YES;
				CLANG_ANALYZER_NONNULL = YES;
				CLANG_ANALYZER_NUMBER_OBJECT_CONVERSION = YES_AGGRESSIVE;
				CLANG_CXX_LANGUAGE_STANDARD = "gnu++20";
				CLANG_ENABLE_MODULES = YES;
				CLANG_ENABLE_OBJC_ARC = YES;
				CLANG_ENABLE_OBJC_WEAK = YES;
				CLANG_WARN_BLOCK_CAPTURE_AUTORELEASING = YES;
				CLANG_WARN_BOOL_CONVERSION = YES;
				CLANG_WARN_COMMA = YES;
				CLANG_WARN_CONSTANT_CONVERSION = YES;
				CLANG_WARN_DEPRECATED_OBJC_IMPLEMENTATIONS = YES;
				CLANG_WARN_DIRECT_OBJC_ISA_USAGE = YES_ERROR;
				CLANG_WARN_DOCUMENTATION_COMMENTS = YES;
				CLANG_WARN_EMPTY_BODY = YES;
				CLANG_WARN_ENUM_CONVERSION = YES;
				CLANG_WARN_INFINITE_RECURSION = YES;
				CLANG_WARN_INT_CONVERSION = YES;
				CLANG_WARN_NON_LITERAL_NULL_CONVERSION = YES;
				CLANG_WARN_OBJC_IMPLICIT_RETAIN_SELF = YES;
				CLANG_WARN_OBJC_LITERAL_CONVERSION = YES;
				CLANG_WARN_OBJC_ROOT_CLASS = YES_ERROR;
				CLANG_WARN_QUOTED_INCLUDE_IN_FRAMEWORK_HEADER = YES;
				CLANG_WARN_RANGE_LOOP_ANALYSIS = YES;
				CLANG_WARN_STRICT_PROTOTYPES = YES;
				CLANG_WARN_SUSPICIOUS_MOVE = YES;
				CLANG_WARN_UNGUARDED_AVAILABILITY = YES_AGGRESSIVE;
				CLANG_WARN_UNREACHABLE_CODE = YES;
				CLANG_WARN__DUPLICATE_METHOD_MATCH = YES;
				COPY_PHASE_STRIP = NO;
				DEBUG_INFORMATION_FORMAT = dwarf;
				ENABLE_STRICT_OBJC_MSGSEND = YES;
				ENABLE_TESTABILITY = YES;
				ENABLE_USER_SCRIPT_SANDBOXING = YES;
				GCC_C_LANGUAGE_STANDARD = gnu17;
				GCC_DYNAMIC_NO_PIC = NO;
				GCC_NO_COMMON_BLOCKS = YES;
				GCC_OPTIMIZATION_LEVEL = 0;
				GCC_PREPROCESSOR_DEFINITIONS = (
					"DEBUG=1",
					"$(inherited)",
				);
				GCC_WARN_64_TO_32_BIT_CONVERSION = YES;
				GCC_WARN_ABOUT_RETURN_TYPE = YES_ERROR;
				GCC_WARN_UNDECLARED_SELECTOR = YES;
				GCC_WARN_UNINITIALIZED_AUTOS = YES_AGGRESSIVE;
				GCC_WARN_UNUSED_FUNCTION = YES;
				GCC_WARN_UNUSED_VARIABLE = YES;
				IPHONEOS_DEPLOYMENT_TARGET = 26.2;
				LOCALIZATION_PREFERS_STRING_CATALOGS = YES;
				MTL_ENABLE_DEBUG_INFO = INCLUDE_SOURCE;
				MTL_FAST_MATH = YES;
				ONLY_ACTIVE_ARCH = YES;
				SDKROOT = iphoneos;
				SWIFT_ACTIVE_COMPILATION_CONDITIONS = "DEBUG $(inherited)";
				SWIFT_OPTIMIZATION_LEVEL = "-Onone";
			};
			name = Debug;
		};
		D2CAEC052F811287001C3B97 /* Release */ = {
			isa = XCBuildConfiguration;
			buildSettings = {
				ALWAYS_SEARCH_USER_PATHS = NO;
				ASSETCATALOG_COMPILER_GENERATE_SWIFT_ASSET_SYMBOL_EXTENSIONS = YES;
				CLANG_ANALYZER_NONNULL = YES;
				CLANG_ANALYZER_NUMBER_OBJECT_CONVERSION = YES_AGGRESSIVE;
				CLANG_CXX_LANGUAGE_STANDARD = "gnu++20";
				CLANG_ENABLE_MODULES = YES;
				CLANG_ENABLE_OBJC_ARC = YES;
				CLANG_ENABLE_OBJC_WEAK = YES;
				CLANG_WARN_BLOCK_CAPTURE_AUTORELEASING = YES;
				CLANG_WARN_BOOL_CONVERSION = YES;
				CLANG_WARN_COMMA = YES;
				CLANG_WARN_CONSTANT_CONVERSION = YES;
				CLANG_WARN_DEPRECATED_OBJC_IMPLEMENTATIONS = YES;
				CLANG_WARN_DIRECT_OBJC_ISA_USAGE = YES_ERROR;
				CLANG_WARN_DOCUMENTATION_COMMENTS = YES;
				CLANG_WARN_EMPTY_BODY = YES;
				CLANG_WARN_ENUM_CONVERSION = YES;
				CLANG_WARN_INFINITE_RECURSION = YES;
				CLANG_WARN_INT_CONVERSION = YES;
				CLANG_WARN_NON_LITERAL_NULL_CONVERSION = YES;
				CLANG_WARN_OBJC_IMPLICIT_RETAIN_SELF = YES;
				CLANG_WARN_OBJC_LITERAL_CONVERSION = YES;
				CLANG_WARN_OBJC_ROOT_CLASS = YES_ERROR;
				CLANG_WARN_QUOTED_INCLUDE_IN_FRAMEWORK_HEADER = YES;
				CLANG_WARN_RANGE_LOOP_ANALYSIS = YES;
				CLANG_WARN_STRICT_PROTOTYPES = YES;
				CLANG_WARN_SUSPICIOUS_MOVE = YES;
				CLANG_WARN_UNGUARDED_AVAILABILITY = YES_AGGRESSIVE;
				CLANG_WARN_UNREACHABLE_CODE = YES;
				CLANG_WARN__DUPLICATE_METHOD_MATCH = YES;
				COPY_PHASE_STRIP = NO;
				DEBUG_INFORMATION_FORMAT = "dwarf-with-dsym";
				ENABLE_NS_ASSERTIONS = NO;
				ENABLE_STRICT_OBJC_MSGSEND = YES;
				ENABLE_USER_SCRIPT_SANDBOXING = YES;
				GCC_C_LANGUAGE_STANDARD = gnu17;
				GCC_NO_COMMON_BLOCKS = YES;
				GCC_WARN_64_TO_32_BIT_CONVERSION = YES;
				GCC_WARN_ABOUT_RETURN_TYPE = YES_ERROR;
				GCC_WARN_UNDECLARED_SELECTOR = YES;
				GCC_WARN_UNINITIALIZED_AUTOS = YES_AGGRESSIVE;
				GCC_WARN_UNUSED_FUNCTION = YES;
				GCC_WARN_UNUSED_VARIABLE = YES;
				IPHONEOS_DEPLOYMENT_TARGET = 26.2;
				LOCALIZATION_PREFERS_STRING_CATALOGS = YES;
				MTL_ENABLE_DEBUG_INFO = NO;
				MTL_FAST_MATH = YES;
				SDKROOT = iphoneos;
				SWIFT_COMPILATION_MODE = wholemodule;
				VALIDATE_PRODUCT = YES;
			};
			name = Release;
		};
		D2CAEC072F811287001C3B97 /* Debug */ = {
			isa = XCBuildConfiguration;
			buildSettings = {
				ASSETCATALOG_COMPILER_APPICON_NAME = AppIcon;
				ASSETCATALOG_COMPILER_GLOBAL_ACCENT_COLOR_NAME = AccentColor;
				CODE_SIGN_STYLE = Automatic;
				CURRENT_PROJECT_VERSION = 1;
				ENABLE_PREVIEWS = YES;
				GENERATE_INFOPLIST_FILE = YES;
				INFOPLIST_KEY_CFBundleDisplayName = "Egg Heist";
				INFOPLIST_KEY_UIApplicationSupportsIndirectInputEvents = YES;
				INFOPLIST_KEY_UILaunchScreen_Generation = YES;
				INFOPLIST_KEY_UILaunchStoryboardName = LaunchScreen;
				INFOPLIST_KEY_UISupportedInterfaceOrientations = UIInterfaceOrientationPortrait;
				INFOPLIST_KEY_UISupportedInterfaceOrientations_iPad = "UIInterfaceOrientationLandscapeLeft UIInterfaceOrientationLandscapeRight UIInterfaceOrientationPortrait UIInterfaceOrientationPortraitUpsideDown";
				IPHONEOS_DEPLOYMENT_TARGET = 16.0;
				LD_RUNPATH_SEARCH_PATHS = (
					"$(inherited)",
					"@executable_path/Frameworks",
				);
				MARKETING_VERSION = 1.2;
				PRODUCT_BUNDLE_IDENTIFIER = "com.Egg-Heist";
				PRODUCT_NAME = "$(TARGET_NAME)";
				STRING_CATALOG_GENERATE_SYMBOLS = YES;
				SUPPORTED_PLATFORMS = "iphoneos iphonesimulator";
				SUPPORTS_MACCATALYST = NO;
				SUPPORTS_MAC_DESIGNED_FOR_IPHONE_IPAD = NO;
				SUPPORTS_XR_DESIGNED_FOR_IPHONE_IPAD = NO;
				SWIFT_APPROACHABLE_CONCURRENCY = YES;
				SWIFT_DEFAULT_ACTOR_ISOLATION = MainActor;
				SWIFT_EMIT_LOC_STRINGS = YES;
				SWIFT_UPCOMING_FEATURE_MEMBER_IMPORT_VISIBILITY = YES;
				SWIFT_VERSION = 5.0;
				TARGETED_DEVICE_FAMILY = 1;
			};
			name = Debug;
		};
		D2CAEC082F811287001C3B97 /* Release */ = {
			isa = XCBuildConfiguration;
			buildSettings = {
				ASSETCATALOG_COMPILER_APPICON_NAME = AppIcon;
				ASSETCATALOG_COMPILER_GLOBAL_ACCENT_COLOR_NAME = AccentColor;
				CODE_SIGN_STYLE = Automatic;
				CURRENT_PROJECT_VERSION = 1;
				ENABLE_PREVIEWS = YES;
				GENERATE_INFOPLIST_FILE = YES;
				INFOPLIST_KEY_CFBundleDisplayName = "Egg Heist";
				INFOPLIST_KEY_UIApplicationSupportsIndirectInputEvents = YES;
				INFOPLIST_KEY_UILaunchScreen_Generation = YES;
				INFOPLIST_KEY_UILaunchStoryboardName = LaunchScreen;
				INFOPLIST_KEY_UISupportedInterfaceOrientations = UIInterfaceOrientationPortrait;
				INFOPLIST_KEY_UISupportedInterfaceOrientations_iPad = "UIInterfaceOrientationLandscapeLeft UIInterfaceOrientationLandscapeRight UIInterfaceOrientationPortrait UIInterfaceOrientationPortraitUpsideDown";
				IPHONEOS_DEPLOYMENT_TARGET = 16.0;
				LD_RUNPATH_SEARCH_PATHS = (
					"$(inherited)",
					"@executable_path/Frameworks",
				);
				MARKETING_VERSION = 1.2;
				PRODUCT_BUNDLE_IDENTIFIER = "com.Egg-Heist";
				PRODUCT_NAME = "$(TARGET_NAME)";
				STRING_CATALOG_GENERATE_SYMBOLS = YES;
				SUPPORTED_PLATFORMS = "iphoneos iphonesimulator";
				SUPPORTS_MACCATALYST = NO;
				SUPPORTS_MAC_DESIGNED_FOR_IPHONE_IPAD = NO;
				SUPPORTS_XR_DESIGNED_FOR_IPHONE_IPAD = NO;
				SWIFT_APPROACHABLE_CONCURRENCY = YES;
				SWIFT_DEFAULT_ACTOR_ISOLATION = MainActor;
				SWIFT_EMIT_LOC_STRINGS = YES;
				SWIFT_UPCOMING_FEATURE_MEMBER_IMPORT_VISIBILITY = YES;
				SWIFT_VERSION = 5.0;
				TARGETED_DEVICE_FAMILY = 1;
			};
			name = Release;
		};
/* End XCBuildConfiguration section */

/* Begin XCConfigurationList section */
		D2CAEBF62F811285001C3B97 /* Build configuration list for PBXProject "Egg Heist" */ = {
			isa = XCConfigurationList;
			buildConfigurations = (
				D2CAEC042F811287001C3B97 /* Debug */,
				D2CAEC052F811287001C3B97 /* Release */,
			);
			defaultConfigurationIsVisible = 0;
			defaultConfigurationName = Release;
		};
		D2CAEC062F811287001C3B97 /* Build configuration list for PBXNativeTarget "Egg Heist" */ = {
			isa = XCConfigurationList;
			buildConfigurations = (
				D2CAEC072F811287001C3B97 /* Debug */,
				D2CAEC082F811287001C3B97 /* Release */,
			);
			defaultConfigurationIsVisible = 0;
			defaultConfigurationName = Release;
		};
/* End XCConfigurationList section */
	};
	rootObject = D2CAEBF32F811285001C3B97 /* Project object */;
}
